
Microsoft Visual Studio Solution File, Format Version 12.00
# Visual Studio 15
Project("{FAE04EC0-301F-11D3-BF4B-00C04F79EFBC}") = "SteamVR", "SteamVR.csproj", "{99F1230A-3AE1-E570-C04A-AEF6E240EAD0}"
EndProject
Project("{FAE04EC0-301F-11D3-BF4B-00C04F79EFBC}") = "Assembly-CSharp", "Assembly-CSharp.csproj", "{3D9848E7-8A55-D4BD-4581-F60157263019}"
EndProject
Project("{FAE04EC0-301F-11D3-BF4B-00C04F79EFBC}") = "SteamVR_Editor", "SteamVR_Editor.csproj", "{AEC42BA9-7A76-7C70-2DF4-11262A0EDBF5}"
EndProject
Project("{FAE04EC0-301F-11D3-BF4B-00C04F79EFBC}") = "SteamVR_Input_Editor", "SteamVR_Input_Editor.csproj", "{68CF09D7-8734-695F-0960-AB352F0EE79B}"
EndProject
Project("{FAE04EC0-301F-11D3-BF4B-00C04F79EFBC}") = "Assembly-CSharp-Editor", "Assembly-CSharp-Editor.csproj", "{11C964C1-2566-9399-D3EF-3B6AED975CE6}"
EndProject
Project("{FAE04EC0-301F-11D3-BF4B-00C04F79EFBC}") = "SteamVR_Windows_EditorHelper", "SteamVR_Windows_EditorHelper.csproj", "{4108F986-70C4-5CE2-E8CA-ED8E5E38A622}"
EndProject
Global
	GlobalSection(SolutionConfigurationPlatforms) = preSolution
		Debug|Any CPU = Debug|Any CPU
		Release|Any CPU = Release|Any CPU
	EndGlobalSection
	GlobalSection(ProjectConfigurationPlatforms) = postSolution
		{99F1230A-3AE1-E570-C04A-AEF6E240EAD0}.Debug|Any CPU.ActiveCfg = Debug|Any CPU
		{99F1230A-3AE1-E570-C04A-AEF6E240EAD0}.Debug|Any CPU.Build.0 = Debug|Any CPU
		{99F1230A-3AE1-E570-C04A-AEF6E240EAD0}.Release|Any CPU.ActiveCfg = Release|Any CPU
		{99F1230A-3AE1-E570-C04A-AEF6E240EAD0}.Release|Any CPU.Build.0 = Release|Any CPU
		{3D9848E7-8A55-D4BD-4581-F60157263019}.Debug|Any CPU.ActiveCfg = Debug|Any CPU
		{3D9848E7-8A55-D4BD-4581-F60157263019}.Debug|Any CPU.Build.0 = Debug|Any CPU
		{3D9848E7-8A55-D4BD-4581-F60157263019}.Release|Any CPU.ActiveCfg = Release|Any CPU
		{3D9848E7-8A55-D4BD-4581-F60157263019}.Release|Any CPU.Build.0 = Release|Any CPU
		{AEC42BA9-7A76-7C70-2DF4-11262A0EDBF5}.Debug|Any CPU.ActiveCfg = Debug|Any CPU
		{AEC42BA9-7A76-7C70-2DF4-11262A0EDBF5}.Debug|Any CPU.Build.0 = Debug|Any CPU
		{AEC42BA9-7A76-7C70-2DF4-11262A0EDBF5}.Release|Any CPU.ActiveCfg = Release|Any CPU
		{AEC42BA9-7A76-7C70-2DF4-11262A0EDBF5}.Release|Any CPU.Build.0 = Release|Any CPU
		{68CF09D7-8734-695F-0960-AB352F0EE79B}.Debug|Any CPU.ActiveCfg = Debug|Any CPU
		{68CF09D7-8734-695F-0960-AB352F0EE79B}.Debug|Any CPU.Build.0 = Debug|Any CPU
		{68CF09D7-8734-695F-0960-AB352F0EE79B}.Release|Any CPU.ActiveCfg = Release|Any CPU
		{68CF09D7-8734-695F-0960-AB352F0EE79B}.Release|Any CPU.Build.0 = Release|Any CPU
		{11C964C1-2566-9399-D3EF-3B6AED975CE6}.Debug|Any CPU.ActiveCfg = Debug|Any CPU
		{11C964C1-2566-9399-D3EF-3B6AED975CE6}.Debug|Any CPU.Build.0 = Debug|Any CPU
		{11C964C1-2566-9399-D3EF-3B6AED975CE6}.Release|Any CPU.ActiveCfg = Release|Any CPU
		{11C964C1-2566-9399-D3EF-3B6AED975CE6}.Release|Any CPU.Build.0 = Release|Any CPU
		{4108F986-70C4-5CE2-E8CA-ED8E5E38A622}.Debug|Any CPU.ActiveCfg = Debug|Any CPU
		{4108F986-70C4-5CE2-E8CA-ED8E5E38A622}.Debug|Any CPU.Build.0 = Debug|Any CPU
		{4108F986-70C4-5CE2-E8CA-ED8E5E38A622}.Release|Any CPU.ActiveCfg = Release|Any CPU
		{4108F986-70C4-5CE2-E8CA-ED8E5E38A622}.Release|Any CPU.Build.0 = Release|Any CPU
	EndGlobalSection
	GlobalSection(SolutionProperties) = preSolution
		HideSolutionNode = FALSE
	EndGlobalSection
EndGlobal
